
Microsoft Visual Studio Solution File, Format Version 12.00
# Visual Studio Version 17
VisualStudioVersion = 17.6.33712.159
MinimumVisualStudioVersion = 10.0.40219.1
Project("{9A19103F-16F7-4668-BE54-9A1E7A4F7556}") = "Hays", "Hays\Hays.csproj", "{4540152F-0104-4D9E-B397-CB47A25B4BE1}"
EndProject
Project("{FAE04EC0-301F-11D3-BF4B-00C04F79EFBC}") = "Hays.Domain", "Hays.Domain\Hays.Domain.csproj", "{9CC0F7C1-A248-47A4-A4C6-7976B8C222D4}"
EndProject
Project("{FAE04EC0-301F-11D3-BF4B-00C04F79EFBC}") = "Hays.Application", "Hays.Application\Hays.Application.csproj", "{38C5FE52-A77A-422A-8D29-93CD324FD06C}"
EndProject
Project("{FAE04EC0-301F-11D3-BF4B-00C04F79EFBC}") = "Hays.Infrastructure", "Hays.Infrastructure\Hays.Infrastructure.csproj", "{97CA6015-9332-4612-8303-69C76911FF8F}"
EndProject
Global
	GlobalSection(SolutionConfigurationPlatforms) = preSolution
		Debug|Any CPU = Debug|Any CPU
		Release|Any CPU = Release|Any CPU
	EndGlobalSection
	GlobalSection(ProjectConfigurationPlatforms) = postSolution
		{4540152F-0104-4D9E-B397-CB47A25B4BE1}.Debug|Any CPU.ActiveCfg = Debug|Any CPU
		{4540152F-0104-4D9E-B397-CB47A25B4BE1}.Debug|Any CPU.Build.0 = Debug|Any CPU
		{4540152F-0104-4D9E-B397-CB47A25B4BE1}.Release|Any CPU.ActiveCfg = Release|Any CPU
		{4540152F-0104-4D9E-B397-CB47A25B4BE1}.Release|Any CPU.Build.0 = Release|Any CPU
		{9CC0F7C1-A248-47A4-A4C6-7976B8C222D4}.Debug|Any CPU.ActiveCfg = Debug|Any CPU
		{9CC0F7C1-A248-47A4-A4C6-7976B8C222D4}.Debug|Any CPU.Build.0 = Debug|Any CPU
		{9CC0F7C1-A248-47A4-A4C6-7976B8C222D4}.Release|Any CPU.ActiveCfg = Release|Any CPU
		{9CC0F7C1-A248-47A4-A4C6-7976B8C222D4}.Release|Any CPU.Build.0 = Release|Any CPU
		{38C5FE52-A77A-422A-8D29-93CD324FD06C}.Debug|Any CPU.ActiveCfg = Debug|Any CPU
		{38C5FE52-A77A-422A-8D29-93CD324FD06C}.Debug|Any CPU.Build.0 = Debug|Any CPU
		{38C5FE52-A77A-422A-8D29-93CD324FD06C}.Release|Any CPU.ActiveCfg = Release|Any CPU
		{38C5FE52-A77A-422A-8D29-93CD324FD06C}.Release|Any CPU.Build.0 = Release|Any CPU
		{97CA6015-9332-4612-8303-69C76911FF8F}.Debug|Any CPU.ActiveCfg = Debug|Any CPU
		{97CA6015-9332-4612-8303-69C76911FF8F}.Debug|Any CPU.Build.0 = Debug|Any CPU
		{97CA6015-9332-4612-8303-69C76911FF8F}.Release|Any CPU.ActiveCfg = Release|Any CPU
		{97CA6015-9332-4612-8303-69C76911FF8F}.Release|Any CPU.Build.0 = Release|Any CPU
	EndGlobalSection
	GlobalSection(SolutionProperties) = preSolution
		HideSolutionNode = FALSE
	EndGlobalSection
	GlobalSection(ExtensibilityGlobals) = postSolution
		SolutionGuid = {8EE01C77-F6C0-4807-8515-EA125A47B92F}
	EndGlobalSection
EndGlobal
